{
  "name": "codex-hxrust",
  "version": "0.0.0",
  "lockfileVersion": 3,
  "requires": true,
  "packages": {
    "": {
      "name": "codex-hxrust",
      "version": "0.0.0",
      "hasInstallScript": true,
      "license": "Apache-2.0",
      "devDependencies": {
        "lix": "^17.0.1"
      }
    },
    "node_modules/lix": {
      "version": "17.0.1",
      "resolved": "https://registry.npmjs.org/lix/-/lix-17.0.1.tgz",
      "integrity": "sha512-7grLTe3HTyxxc0qVsxElufIERdRJu726kxMONKmNK2FoH6BmFRwtvOKFdUI/Imwxq77D30LJblopkyPpoHsDhQ==",
      "dev": true,
      "hasInstallScript": true,
      "license": "MIT",
      "bin": {
        "haxe": "bin/haxeshim.js",
        "haxelib": "bin/haxelibshim.js",
        "lix": "bin/lix.js",
        "neko": "bin/nekoshim.js"
      }
    }
  }
}
