{
  "name": "codex-hxrust",
  "version": "0.0.0",
  "lockfileVersion": 3,
  "requires": true,
  "packages": {
    "": {
      "name": "codex-hxrust",
      "version": "0.0.0",
      "hasInstallScript": true,
      "license": "Apache-2.0",
      "devDependencies": {
        "lix": "^17.0.3"
      }
    },
    "node_modules/lix": {
      "version": "17.0.3",
      "resolved": "https://registry.npmjs.org/lix/-/lix-17.0.3.tgz",
      "integrity": "sha512-3/SEs2nkGrvQTilTSs1TC0mVmdiBBaLFY9l/lVL7OFyl82o51/fwcCYZerLw9500ZYoQIRIDovzcTq1RhA8tFA==",
      "dev": true,
      "hasInstallScript": true,
      "license": "MIT",
      "bin": {
        "haxe": "bin/haxeshim.js",
        "haxelib": "bin/haxelibshim.js",
        "lix": "bin/lix.js",
        "neko": "bin/nekoshim.js"
      }
    }
  }
}
